
Microsoft Visual Studio Solution File, Format Version 12.00
# Visual Studio Version 17
VisualStudioVersion = 17.3.32929.385
MinimumVisualStudioVersion = 10.0.40219.1
Project("{FAE04EC0-301F-11D3-BF4B-00C04F79EFBC}") = "Test_echecs", "Test_echecs.csproj", "{E02F05EA-DBFA-41D0-BFD1-0667494D46CF}"
EndProject
Global
	GlobalSection(SolutionConfigurationPlatforms) = preSolution
		Debug|Any CPU = Debug|Any CPU
		Release|Any CPU = Release|Any CPU
	EndGlobalSection
	GlobalSection(ProjectConfigurationPlatforms) = postSolution
		{E02F05EA-DBFA-41D0-BFD1-0667494D46CF}.Debug|Any CPU.ActiveCfg = Debug|Any CPU
		{E02F05EA-DBFA-41D0-BFD1-0667494D46CF}.Debug|Any CPU.Build.0 = Debug|Any CPU
		{E02F05EA-DBFA-41D0-BFD1-0667494D46CF}.Release|Any CPU.ActiveCfg = Release|Any CPU
		{E02F05EA-DBFA-41D0-BFD1-0667494D46CF}.Release|Any CPU.Build.0 = Release|Any CPU
	EndGlobalSection
	GlobalSection(SolutionProperties) = preSolution
		HideSolutionNode = FALSE
	EndGlobalSection
	GlobalSection(ExtensibilityGlobals) = postSolution
		SolutionGuid = {F3052721-667C-4387-9A41-FB49C776097A}
	EndGlobalSection
EndGlobal
